
Microsoft Visual Studio Solution File, Format Version 12.00
# Visual Studio Version 17
VisualStudioVersion = 17.6.33801.468
MinimumVisualStudioVersion = 10.0.40219.1
Project("{FAE04EC0-301F-11D3-BF4B-00C04F79EFBC}") = "YouTrack Adapter", "YouTrack Adapter\YouTrack Adapter.csproj", "{F09769BD-4B4B-4710-A275-27532F36D943}"
EndProject
Global
	GlobalSection(SolutionConfigurationPlatforms) = preSolution
		Debug|Any CPU = Debug|Any CPU
		Release|Any CPU = Release|Any CPU
	EndGlobalSection
	GlobalSection(ProjectConfigurationPlatforms) = postSolution
		{F09769BD-4B4B-4710-A275-27532F36D943}.Debug|Any CPU.ActiveCfg = Debug|Any CPU
		{F09769BD-4B4B-4710-A275-27532F36D943}.Debug|Any CPU.Build.0 = Debug|Any CPU
		{F09769BD-4B4B-4710-A275-27532F36D943}.Release|Any CPU.ActiveCfg = Release|Any CPU
		{F09769BD-4B4B-4710-A275-27532F36D943}.Release|Any CPU.Build.0 = Release|Any CPU
	EndGlobalSection
	GlobalSection(SolutionProperties) = preSolution
		HideSolutionNode = FALSE
	EndGlobalSection
	GlobalSection(ExtensibilityGlobals) = postSolution
		SolutionGuid = {E50B55C6-3469-4A79-A6C2-30D465C62A84}
	EndGlobalSection
EndGlobal
